// !$*UTF8*$!
{
	archiveVersion = 1;
	classes = {
	};
	objectVersion = 77;
	objects = {

/* Begin PBXBuildFile section */
		650A9CD52DB0AF6E00E590C9 /* XLINKDevice in Frameworks */ = {isa = PBXBuildFile; productRef = 650A9CD42DB0AF6E00E590C9 /* XLINKDevice */; };
		658CE0F22DAF926100E8C309 /* XLINKDevice in Frameworks */ = {isa = PBXBuildFile; productRef = 658CE0F12DAF926100E8C309 /* XLINKDevice */; };
/* End PBXBuildFile section */

/* Begin PBXContainerItemProxy section */
		652BCBCC2D9BCDBC00C1654F /* PBXContainerItemProxy */ = {
			isa = PBXContainerItemProxy;
			containerPortal = 652BCBAD2D9BCDBB00C1654F /* Project object */;
			proxyType = 1;
			remoteGlobalIDString = 652BCBB42D9BCDBB00C1654F;
			remoteInfo = XLINKDeviceExample;
		};
		652BCBD62D9BCDBC00C1654F /* PBXContainerItemProxy */ = {
			isa = PBXContainerItemProxy;
			containerPortal = 652BCBAD2D9BCDBB00C1654F /* Project object */;
			proxyType = 1;
			remoteGlobalIDString = 652BCBB42D9BCDBB00C1654F;
			remoteInfo = XLINKDeviceExample;
		};
/* End PBXContainerItemProxy section */

/* Begin PBXCopyFilesBuildPhase section */
		652BCC4D2D9BD05600C1654F /* Embed Frameworks */ = {
			isa = PBXCopyFilesBuildPhase;
			buildActionMask = 2147483647;
			dstPath = "";
			dstSubfolderSpec = 10;
			files = (
			);
			name = "Embed Frameworks";
			runOnlyForDeploymentPostprocessing = 0;
		};
/* End PBXCopyFilesBuildPhase section */

/* Begin PBXFileReference section */
		652BCBB52D9BCDBB00C1654F /* XLINKDeviceExample.app */ = {isa = PBXFileReference; explicitFileType = wrapper.application; includeInIndex = 0; path = XLINKDeviceExample.app; sourceTree = BUILT_PRODUCTS_DIR; };
		652BCBCB2D9BCDBC00C1654F /* XLINKDeviceExampleTests.xctest */ = {isa = PBXFileReference; explicitFileType = wrapper.cfbundle; includeInIndex = 0; path = XLINKDeviceExampleTests.xctest; sourceTree = BUILT_PRODUCTS_DIR; };
		652BCBD52D9BCDBC00C1654F /* XLINKDeviceExampleUITests.xctest */ = {isa = PBXFileReference; explicitFileType = wrapper.cfbundle; includeInIndex = 0; path = XLINKDeviceExampleUITests.xctest; sourceTree = BUILT_PRODUCTS_DIR; };
/* End PBXFileReference section */

/* Begin PBXFileSystemSynchronizedBuildFileExceptionSet section */
		652BCBDD2D9BCDBC00C1654F /* Exceptions for "XLINKDeviceExample" folder in "XLINKDeviceExample" target */ = {
			isa = PBXFileSystemSynchronizedBuildFileExceptionSet;
			membershipExceptions = (
				Info.plist,
			);
			target = 652BCBB42D9BCDBB00C1654F /* XLINKDeviceExample */;
		};
/* End PBXFileSystemSynchronizedBuildFileExceptionSet section */

/* Begin PBXFileSystemSynchronizedRootGroup section */
		652BCBB72D9BCDBB00C1654F /* XLINKDeviceExample */ = {
			isa = PBXFileSystemSynchronizedRootGroup;
			exceptions = (
				652BCBDD2D9BCDBC00C1654F /* Exceptions for "XLINKDeviceExample" folder in "XLINKDeviceExample" target */,
			);
			path = XLINKDeviceExample;
			sourceTree = "<group>";
		};
		652BCBCE2D9BCDBC00C1654F /* XLINKDeviceExampleTests */ = {
			isa = PBXFileSystemSynchronizedRootGroup;
			path = XLINKDeviceExampleTests;
			sourceTree = "<group>";
		};
		652BCBD82D9BCDBC00C1654F /* XLINKDeviceExampleUITests */ = {
			isa = PBXFileSystemSynchronizedRootGroup;
			path = XLINKDeviceExampleUITests;
			sourceTree = "<group>";
		};
/* End PBXFileSystemSynchronizedRootGroup section */

/* Begin PBXFrameworksBuildPhase section */
		652BCBB22D9BCDBB00C1654F /* Frameworks */ = {
			isa = PBXFrameworksBuildPhase;
			buildActionMask = 2147483647;
			files = (
				658CE0F22DAF926100E8C309 /* XLINKDevice in Frameworks */,
				650A9CD52DB0AF6E00E590C9 /* XLINKDevice in Frameworks */,
			);
			runOnlyForDeploymentPostprocessing = 0;
		};
		652BCBC82D9BCDBC00C1654F /* Frameworks */ = {
			isa = PBXFrameworksBuildPhase;
			buildActionMask = 2147483647;
			files = (
			);
			runOnlyForDeploymentPostprocessing = 0;
		};
		652BCBD22D9BCDBC00C1654F /* Frameworks */ = {
			isa = PBXFrameworksBuildPhase;
			buildActionMask = 2147483647;
			files = (
			);
			runOnlyForDeploymentPostprocessing = 0;
		};
/* End PBXFrameworksBuildPhase section */

/* Begin PBXGroup section */
		652BCBAC2D9BCDBB00C1654F = {
			isa = PBXGroup;
			children = (
				652BCBB72D9BCDBB00C1654F /* XLINKDeviceExample */,
				652BCBCE2D9BCDBC00C1654F /* XLINKDeviceExampleTests */,
				652BCBD82D9BCDBC00C1654F /* XLINKDeviceExampleUITests */,
				652BCC902D9BD90A00C1654F /* Frameworks */,
				652BCBB62D9BCDBB00C1654F /* Products */,
			);
			sourceTree = "<group>";
		};
		652BCBB62D9BCDBB00C1654F /* Products */ = {
			isa = PBXGroup;
			children = (
				652BCBB52D9BCDBB00C1654F /* XLINKDeviceExample.app */,
				652BCBCB2D9BCDBC00C1654F /* XLINKDeviceExampleTests.xctest */,
				652BCBD52D9BCDBC00C1654F /* XLINKDeviceExampleUITests.xctest */,
			);
			name = Products;
			sourceTree = "<group>";
		};
		652BCC902D9BD90A00C1654F /* Frameworks */ = {
			isa = PBXGroup;
			children = (
			);
			name = Frameworks;
			sourceTree = "<group>";
		};
/* End PBXGroup section */

/* Begin PBXNativeTarget section */
		652BCBB42D9BCDBB00C1654F /* XLINKDeviceExample */ = {
			isa = PBXNativeTarget;
			buildConfigurationList = 652BCBDE2D9BCDBC00C1654F /* Build configuration list for PBXNativeTarget "XLINKDeviceExample" */;
			buildPhases = (
				652BCBB12D9BCDBB00C1654F /* Sources */,
				652BCBB22D9BCDBB00C1654F /* Frameworks */,
				652BCBB32D9BCDBB00C1654F /* Resources */,
				652BCC4D2D9BD05600C1654F /* Embed Frameworks */,
			);
			buildRules = (
			);
			dependencies = (
			);
			fileSystemSynchronizedGroups = (
				652BCBB72D9BCDBB00C1654F /* XLINKDeviceExample */,
			);
			name = XLINKDeviceExample;
			packageProductDependencies = (
				658CE0F12DAF926100E8C309 /* XLINKDevice */,
				650A9CD42DB0AF6E00E590C9 /* XLINKDevice */,
			);
			productName = XLINKDeviceExample;
			productReference = 652BCBB52D9BCDBB00C1654F /* XLINKDeviceExample.app */;
			productType = "com.apple.product-type.application";
		};
		652BCBCA2D9BCDBC00C1654F /* XLINKDeviceExampleTests */ = {
			isa = PBXNativeTarget;
			buildConfigurationList = 652BCBE32D9BCDBC00C1654F /* Build configuration list for PBXNativeTarget "XLINKDeviceExampleTests" */;
			buildPhases = (
				652BCBC72D9BCDBC00C1654F /* Sources */,
				652BCBC82D9BCDBC00C1654F /* Frameworks */,
				652BCBC92D9BCDBC00C1654F /* Resources */,
			);
			buildRules = (
			);
			dependencies = (
				652BCBCD2D9BCDBC00C1654F /* PBXTargetDependency */,
			);
			fileSystemSynchronizedGroups = (
				652BCBCE2D9BCDBC00C1654F /* XLINKDeviceExampleTests */,
			);
			name = XLINKDeviceExampleTests;
			packageProductDependencies = (
			);
			productName = XLINKDeviceExampleTests;
			productReference = 652BCBCB2D9BCDBC00C1654F /* XLINKDeviceExampleTests.xctest */;
			productType = "com.apple.product-type.bundle.unit-test";
		};
		652BCBD42D9BCDBC00C1654F /* XLINKDeviceExampleUITests */ = {
			isa = PBXNativeTarget;
			buildConfigurationList = 652BCBE62D9BCDBC00C1654F /* Build configuration list for PBXNativeTarget "XLINKDeviceExampleUITests" */;
			buildPhases = (
				652BCBD12D9BCDBC00C1654F /* Sources */,
				652BCBD22D9BCDBC00C1654F /* Frameworks */,
				652BCBD32D9BCDBC00C1654F /* Resources */,
			);
			buildRules = (
			);
			dependencies = (
				652BCBD72D9BCDBC00C1654F /* PBXTargetDependency */,
			);
			fileSystemSynchronizedGroups = (
				652BCBD82D9BCDBC00C1654F /* XLINKDeviceExampleUITests */,
			);
			name = XLINKDeviceExampleUITests;
			packageProductDependencies = (
			);
			productName = XLINKDeviceExampleUITests;
			productReference = 652BCBD52D9BCDBC00C1654F /* XLINKDeviceExampleUITests.xctest */;
			productType = "com.apple.product-type.bundle.ui-testing";
		};
/* End PBXNativeTarget section */

/* Begin PBXProject section */
		652BCBAD2D9BCDBB00C1654F /* Project object */ = {
			isa = PBXProject;
			attributes = {
				BuildIndependentTargetsInParallel = 1;
				LastSwiftUpdateCheck = 1620;
				LastUpgradeCheck = 1620;
				TargetAttributes = {
					652BCBB42D9BCDBB00C1654F = {
						CreatedOnToolsVersion = 16.2;
					};
					652BCBCA2D9BCDBC00C1654F = {
						CreatedOnToolsVersion = 16.2;
						TestTargetID = 652BCBB42D9BCDBB00C1654F;
					};
					652BCBD42D9BCDBC00C1654F = {
						CreatedOnToolsVersion = 16.2;
						TestTargetID = 652BCBB42D9BCDBB00C1654F;
					};
				};
			};
			buildConfigurationList = 652BCBB02D9BCDBB00C1654F /* Build configuration list for PBXProject "XLINKDeviceExample" */;
			developmentRegion = en;
			hasScannedForEncodings = 0;
			knownRegions = (
				en,
				Base,
			);
			mainGroup = 652BCBAC2D9BCDBB00C1654F;
			minimizedProjectReferenceProxies = 1;
			packageReferences = (
				650A9CD32DB0AF6E00E590C9 /* XCLocalSwiftPackageReference "../XLINKDeviceExample" */,
			);
			preferredProjectObjectVersion = 77;
			productRefGroup = 652BCBB62D9BCDBB00C1654F /* Products */;
			projectDirPath = "";
			projectRoot = "";
			targets = (
				652BCBB42D9BCDBB00C1654F /* XLINKDeviceExample */,
				652BCBCA2D9BCDBC00C1654F /* XLINKDeviceExampleTests */,
				652BCBD42D9BCDBC00C1654F /* XLINKDeviceExampleUITests */,
			);
		};
/* End PBXProject section */

/* Begin PBXResourcesBuildPhase section */
		652BCBB32D9BCDBB00C1654F /* Resources */ = {
			isa = PBXResourcesBuildPhase;
			buildActionMask = 2147483647;
			files = (
			);
			runOnlyForDeploymentPostprocessing = 0;
		};
		652BCBC92D9BCDBC00C1654F /* Resources */ = {
			isa = PBXResourcesBuildPhase;
			buildActionMask = 2147483647;
			files = (
			);
			runOnlyForDeploymentPostprocessing = 0;
		};
		652BCBD32D9BCDBC00C1654F /* Resources */ = {
			isa = PBXResourcesBuildPhase;
			buildActionMask = 2147483647;
			files = (
			);
			runOnlyForDeploymentPostprocessing = 0;
		};
/* End PBXResourcesBuildPhase section */

/* Begin PBXSourcesBuildPhase section */
		652BCBB12D9BCDBB00C1654F /* Sources */ = {
			isa = PBXSourcesBuildPhase;
			buildActionMask = 2147483647;
			files = (
			);
			runOnlyForDeploymentPostprocessing = 0;
		};
		652BCBC72D9BCDBC00C1654F /* Sources */ = {
			isa = PBXSourcesBuildPhase;
			buildActionMask = 2147483647;
			files = (
			);
			runOnlyForDeploymentPostprocessing = 0;
		};
		652BCBD12D9BCDBC00C1654F /* Sources */ = {
			isa = PBXSourcesBuildPhase;
			buildActionMask = 2147483647;
			files = (
			);
			runOnlyForDeploymentPostprocessing = 0;
		};
/* End PBXSourcesBuildPhase section */

/* Begin PBXTargetDependency section */
		652BCBCD2D9BCDBC00C1654F /* PBXTargetDependency */ = {
			isa = PBXTargetDependency;
			target = 652BCBB42D9BCDBB00C1654F /* XLINKDeviceExample */;
			targetProxy = 652BCBCC2D9BCDBC00C1654F /* PBXContainerItemProxy */;
		};
		652BCBD72D9BCDBC00C1654F /* PBXTargetDependency */ = {
			isa = PBXTargetDependency;
			target = 652BCBB42D9BCDBB00C1654F /* XLINKDeviceExample */;
			targetProxy = 652BCBD62D9BCDBC00C1654F /* PBXContainerItemProxy */;
		};
/* End PBXTargetDependency section */

/* Begin XCBuildConfiguration section */
		652BCBDF2D9BCDBC00C1654F /* Debug */ = {
			isa = XCBuildConfiguration;
			buildSettings = {
				ASSETCATALOG_COMPILER_APPICON_NAME = AppIcon;
				ASSETCATALOG_COMPILER_GLOBAL_ACCENT_COLOR_NAME = AccentColor;
				CODE_SIGN_IDENTITY = "Apple Development";
				"CODE_SIGN_IDENTITY[sdk=iphoneos*]" = "iPhone Developer";
				CODE_SIGN_STYLE = Manual;
				CURRENT_PROJECT_VERSION = 1;
				DEVELOPMENT_TEAM = "";
				"DEVELOPMENT_TEAM[sdk=iphoneos*]" = CJ5RHVG9LE;
				GENERATE_INFOPLIST_FILE = YES;
				INFOPLIST_FILE = XLINKDeviceExample/Info.plist;
				INFOPLIST_KEY_NSBluetoothAlwaysUsageDescription = "此应用需要使用蓝牙来连接和管理您的XLINK设备";
				INFOPLIST_KEY_NSBluetoothPeripheralUsageDescription = "此应用需要使用蓝牙来连接和管理您的XLINK设备";
				INFOPLIST_KEY_UIApplicationSupportsIndirectInputEvents = YES;
				INFOPLIST_KEY_UILaunchStoryboardName = LaunchScreen;
				INFOPLIST_KEY_UIMainStoryboardFile = Main;
				INFOPLIST_KEY_UISupportedInterfaceOrientations_iPad = "UIInterfaceOrientationPortrait UIInterfaceOrientationPortraitUpsideDown UIInterfaceOrientationLandscapeLeft UIInterfaceOrientationLandscapeRight";
				INFOPLIST_KEY_UISupportedInterfaceOrientations_iPhone = "UIInterfaceOrientationPortrait UIInterfaceOrientationLandscapeLeft UIInterfaceOrientationLandscapeRight";
				IPHONEOS_DEPLOYMENT_TARGET = 14;
				LD_RUNPATH_SEARCH_PATHS = (
					"$(inherited)",
					"@executable_path/Frameworks",
				);
				MARKETING_VERSION = 1.0;
				PRODUCT_BUNDLE_IDENTIFIER = com.imxingzhe.xlink.demo;
				PRODUCT_NAME = "$(TARGET_NAME)";
				PROVISIONING_PROFILE_SPECIFIER = "";
				"PROVISIONING_PROFILE_SPECIFIER[sdk=iphoneos*]" = "Wildcard Development";
				SWIFT_EMIT_LOC_STRINGS = YES;
				SWIFT_VERSION = 5.0;
				TARGETED_DEVICE_FAMILY = "1,2";
			};
			name = Debug;
		};
		652BCBE02D9BCDBC00C1654F /* Release */ = {
			isa = XCBuildConfiguration;
			buildSettings = {
				ASSETCATALOG_COMPILER_APPICON_NAME = AppIcon;
				ASSETCATALOG_COMPILER_GLOBAL_ACCENT_COLOR_NAME = AccentColor;
				CODE_SIGN_IDENTITY = "Apple Development";
				"CODE_SIGN_IDENTITY[sdk=iphoneos*]" = "iPhone Developer";
				CODE_SIGN_STYLE = Manual;
				CURRENT_PROJECT_VERSION = 1;
				DEVELOPMENT_TEAM = "";
				"DEVELOPMENT_TEAM[sdk=iphoneos*]" = CJ5RHVG9LE;
				GENERATE_INFOPLIST_FILE = YES;
				INFOPLIST_FILE = XLINKDeviceExample/Info.plist;
				INFOPLIST_KEY_NSBluetoothAlwaysUsageDescription = "此应用需要使用蓝牙来连接和管理您的XLINK设备";
				INFOPLIST_KEY_NSBluetoothPeripheralUsageDescription = "此应用需要使用蓝牙来连接和管理您的XLINK设备";
				INFOPLIST_KEY_UIApplicationSupportsIndirectInputEvents = YES;
				INFOPLIST_KEY_UILaunchStoryboardName = LaunchScreen;
				INFOPLIST_KEY_UIMainStoryboardFile = Main;
				INFOPLIST_KEY_UISupportedInterfaceOrientations_iPad = "UIInterfaceOrientationPortrait UIInterfaceOrientationPortraitUpsideDown UIInterfaceOrientationLandscapeLeft UIInterfaceOrientationLandscapeRight";
				INFOPLIST_KEY_UISupportedInterfaceOrientations_iPhone = "UIInterfaceOrientationPortrait UIInterfaceOrientationLandscapeLeft UIInterfaceOrientationLandscapeRight";
				IPHONEOS_DEPLOYMENT_TARGET = 14;
				LD_RUNPATH_SEARCH_PATHS = (
					"$(inherited)",
					"@executable_path/Frameworks",
				);
				MARKETING_VERSION = 1.0;
				PRODUCT_BUNDLE_IDENTIFIER = com.imxingzhe.xlink.demo;
				PRODUCT_NAME = "$(TARGET_NAME)";
				PROVISIONING_PROFILE_SPECIFIER = "";
				"PROVISIONING_PROFILE_SPECIFIER[sdk=iphoneos*]" = "Wildcard Development";
				SWIFT_EMIT_LOC_STRINGS = YES;
				SWIFT_VERSION = 5.0;
				TARGETED_DEVICE_FAMILY = "1,2";
			};
			name = Release;
		};
		652BCBE12D9BCDBC00C1654F /* Debug */ = {
			isa = XCBuildConfiguration;
			buildSettings = {
				ALWAYS_SEARCH_USER_PATHS = NO;
				ASSETCATALOG_COMPILER_GENERATE_SWIFT_ASSET_SYMBOL_EXTENSIONS = YES;
				CLANG_ANALYZER_NONNULL = YES;
				CLANG_ANALYZER_NUMBER_OBJECT_CONVERSION = YES_AGGRESSIVE;
				CLANG_CXX_LANGUAGE_STANDARD = "gnu++20";
				CLANG_ENABLE_MODULES = YES;
				CLANG_ENABLE_OBJC_ARC = YES;
				CLANG_ENABLE_OBJC_WEAK = YES;
				CLANG_WARN_BLOCK_CAPTURE_AUTORELEASING = YES;
				CLANG_WARN_BOOL_CONVERSION = YES;
				CLANG_WARN_COMMA = YES;
				CLANG_WARN_CONSTANT_CONVERSION = YES;
				CLANG_WARN_DEPRECATED_OBJC_IMPLEMENTATIONS = YES;
				CLANG_WARN_DIRECT_OBJC_ISA_USAGE = YES_ERROR;
				CLANG_WARN_DOCUMENTATION_COMMENTS = YES;
				CLANG_WARN_EMPTY_BODY = YES;
				CLANG_WARN_ENUM_CONVERSION = YES;
				CLANG_WARN_INFINITE_RECURSION = YES;
				CLANG_WARN_INT_CONVERSION = YES;
				CLANG_WARN_NON_LITERAL_NULL_CONVERSION = YES;
				CLANG_WARN_OBJC_IMPLICIT_RETAIN_SELF = YES;
				CLANG_WARN_OBJC_LITERAL_CONVERSION = YES;
				CLANG_WARN_OBJC_ROOT_CLASS = YES_ERROR;
				CLANG_WARN_QUOTED_INCLUDE_IN_FRAMEWORK_HEADER = YES;
				CLANG_WARN_RANGE_LOOP_ANALYSIS = YES;
				CLANG_WARN_STRICT_PROTOTYPES = YES;
				CLANG_WARN_SUSPICIOUS_MOVE = YES;
				CLANG_WARN_UNGUARDED_AVAILABILITY = YES_AGGRESSIVE;
				CLANG_WARN_UNREACHABLE_CODE = YES;
				CLANG_WARN__DUPLICATE_METHOD_MATCH = YES;
				COPY_PHASE_STRIP = NO;
				DEBUG_INFORMATION_FORMAT = dwarf;
				ENABLE_STRICT_OBJC_MSGSEND = YES;
				ENABLE_TESTABILITY = YES;
				ENABLE_USER_SCRIPT_SANDBOXING = YES;
				GCC_C_LANGUAGE_STANDARD = gnu17;
				GCC_DYNAMIC_NO_PIC = NO;
				GCC_NO_COMMON_BLOCKS = YES;
				GCC_OPTIMIZATION_LEVEL = 0;
				GCC_PREPROCESSOR_DEFINITIONS = (
					"DEBUG=1",
					"$(inherited)",
				);
				GCC_WARN_64_TO_32_BIT_CONVERSION = YES;
				GCC_WARN_ABOUT_RETURN_TYPE = YES_ERROR;
				GCC_WARN_UNDECLARED_SELECTOR = YES;
				GCC_WARN_UNINITIALIZED_AUTOS = YES_AGGRESSIVE;
				GCC_WARN_UNUSED_FUNCTION = YES;
				GCC_WARN_UNUSED_VARIABLE = YES;
				IPHONEOS_DEPLOYMENT_TARGET = 18.2;
				LOCALIZATION_PREFERS_STRING_CATALOGS = YES;
				MTL_ENABLE_DEBUG_INFO = INCLUDE_SOURCE;
				MTL_FAST_MATH = YES;
				ONLY_ACTIVE_ARCH = YES;
				SDKROOT = iphoneos;
				SWIFT_ACTIVE_COMPILATION_CONDITIONS = "DEBUG $(inherited)";
				SWIFT_OPTIMIZATION_LEVEL = "-Onone";
			};
			name = Debug;
		};
		652BCBE22D9BCDBC00C1654F /* Release */ = {
			isa = XCBuildConfiguration;
			buildSettings = {
				ALWAYS_SEARCH_USER_PATHS = NO;
				ASSETCATALOG_COMPILER_GENERATE_SWIFT_ASSET_SYMBOL_EXTENSIONS = YES;
				CLANG_ANALYZER_NONNULL = YES;
				CLANG_ANALYZER_NUMBER_OBJECT_CONVERSION = YES_AGGRESSIVE;
				CLANG_CXX_LANGUAGE_STANDARD = "gnu++20";
				CLANG_ENABLE_MODULES = YES;
				CLANG_ENABLE_OBJC_ARC = YES;
				CLANG_ENABLE_OBJC_WEAK = YES;
				CLANG_WARN_BLOCK_CAPTURE_AUTORELEASING = YES;
				CLANG_WARN_BOOL_CONVERSION = YES;
				CLANG_WARN_COMMA = YES;
				CLANG_WARN_CONSTANT_CONVERSION = YES;
				CLANG_WARN_DEPRECATED_OBJC_IMPLEMENTATIONS = YES;
				CLANG_WARN_DIRECT_OBJC_ISA_USAGE = YES_ERROR;
				CLANG_WARN_DOCUMENTATION_COMMENTS = YES;
				CLANG_WARN_EMPTY_BODY = YES;
				CLANG_WARN_ENUM_CONVERSION = YES;
				CLANG_WARN_INFINITE_RECURSION = YES;
				CLANG_WARN_INT_CONVERSION = YES;
				CLANG_WARN_NON_LITERAL_NULL_CONVERSION = YES;
				CLANG_WARN_OBJC_IMPLICIT_RETAIN_SELF = YES;
				CLANG_WARN_OBJC_LITERAL_CONVERSION = YES;
				CLANG_WARN_OBJC_ROOT_CLASS = YES_ERROR;
				CLANG_WARN_QUOTED_INCLUDE_IN_FRAMEWORK_HEADER = YES;
				CLANG_WARN_RANGE_LOOP_ANALYSIS = YES;
				CLANG_WARN_STRICT_PROTOTYPES = YES;
				CLANG_WARN_SUSPICIOUS_MOVE = YES;
				CLANG_WARN_UNGUARDED_AVAILABILITY = YES_AGGRESSIVE;
				CLANG_WARN_UNREACHABLE_CODE = YES;
				CLANG_WARN__DUPLICATE_METHOD_MATCH = YES;
				COPY_PHASE_STRIP = NO;
				DEBUG_INFORMATION_FORMAT = "dwarf-with-dsym";
				ENABLE_NS_ASSERTIONS = NO;
				ENABLE_STRICT_OBJC_MSGSEND = YES;
				ENABLE_USER_SCRIPT_SANDBOXING = YES;
				GCC_C_LANGUAGE_STANDARD = gnu17;
				GCC_NO_COMMON_BLOCKS = YES;
				GCC_WARN_64_TO_32_BIT_CONVERSION = YES;
				GCC_WARN_ABOUT_RETURN_TYPE = YES_ERROR;
				GCC_WARN_UNDECLARED_SELECTOR = YES;
				GCC_WARN_UNINITIALIZED_AUTOS = YES_AGGRESSIVE;
				GCC_WARN_UNUSED_FUNCTION = YES;
				GCC_WARN_UNUSED_VARIABLE = YES;
				IPHONEOS_DEPLOYMENT_TARGET = 18.2;
				LOCALIZATION_PREFERS_STRING_CATALOGS = YES;
				MTL_ENABLE_DEBUG_INFO = NO;
				MTL_FAST_MATH = YES;
				SDKROOT = iphoneos;
				SWIFT_COMPILATION_MODE = wholemodule;
				VALIDATE_PRODUCT = YES;
			};
			name = Release;
		};
		652BCBE42D9BCDBC00C1654F /* Debug */ = {
			isa = XCBuildConfiguration;
			buildSettings = {
				BUNDLE_LOADER = "$(TEST_HOST)";
				CODE_SIGN_STYLE = Automatic;
				CURRENT_PROJECT_VERSION = 1;
				GENERATE_INFOPLIST_FILE = YES;
				IPHONEOS_DEPLOYMENT_TARGET = 18.2;
				MARKETING_VERSION = 1.0;
				PRODUCT_BUNDLE_IDENTIFIER = com.dev.XLINKDeviceExampleTests;
				PRODUCT_NAME = "$(TARGET_NAME)";
				SWIFT_EMIT_LOC_STRINGS = NO;
				SWIFT_VERSION = 5.0;
				TARGETED_DEVICE_FAMILY = "1,2";
				TEST_HOST = "$(BUILT_PRODUCTS_DIR)/XLINKDeviceExample.app/$(BUNDLE_EXECUTABLE_FOLDER_PATH)/XLINKDeviceExample";
			};
			name = Debug;
		};
		652BCBE52D9BCDBC00C1654F /* Release */ = {
			isa = XCBuildConfiguration;
			buildSettings = {
				BUNDLE_LOADER = "$(TEST_HOST)";
				CODE_SIGN_STYLE = Automatic;
				CURRENT_PROJECT_VERSION = 1;
				GENERATE_INFOPLIST_FILE = YES;
				IPHONEOS_DEPLOYMENT_TARGET = 18.2;
				MARKETING_VERSION = 1.0;
				PRODUCT_BUNDLE_IDENTIFIER = com.dev.XLINKDeviceExampleTests;
				PRODUCT_NAME = "$(TARGET_NAME)";
				SWIFT_EMIT_LOC_STRINGS = NO;
				SWIFT_VERSION = 5.0;
				TARGETED_DEVICE_FAMILY = "1,2";
				TEST_HOST = "$(BUILT_PRODUCTS_DIR)/XLINKDeviceExample.app/$(BUNDLE_EXECUTABLE_FOLDER_PATH)/XLINKDeviceExample";
			};
			name = Release;
		};
		652BCBE72D9BCDBC00C1654F /* Debug */ = {
			isa = XCBuildConfiguration;
			buildSettings = {
				CODE_SIGN_STYLE = Automatic;
				CURRENT_PROJECT_VERSION = 1;
				GENERATE_INFOPLIST_FILE = YES;
				MARKETING_VERSION = 1.0;
				PRODUCT_BUNDLE_IDENTIFIER = com.dev.XLINKDeviceExampleUITests;
				PRODUCT_NAME = "$(TARGET_NAME)";
				SWIFT_EMIT_LOC_STRINGS = NO;
				SWIFT_VERSION = 5.0;
				TARGETED_DEVICE_FAMILY = "1,2";
				TEST_TARGET_NAME = XLINKDeviceExample;
			};
			name = Debug;
		};
		652BCBE82D9BCDBC00C1654F /* Release */ = {
			isa = XCBuildConfiguration;
			buildSettings = {
				CODE_SIGN_STYLE = Automatic;
				CURRENT_PROJECT_VERSION = 1;
				GENERATE_INFOPLIST_FILE = YES;
				MARKETING_VERSION = 1.0;
				PRODUCT_BUNDLE_IDENTIFIER = com.dev.XLINKDeviceExampleUITests;
				PRODUCT_NAME = "$(TARGET_NAME)";
				SWIFT_EMIT_LOC_STRINGS = NO;
				SWIFT_VERSION = 5.0;
				TARGETED_DEVICE_FAMILY = "1,2";
				TEST_TARGET_NAME = XLINKDeviceExample;
			};
			name = Release;
		};
/* End XCBuildConfiguration section */

/* Begin XCConfigurationList section */
		652BCBB02D9BCDBB00C1654F /* Build configuration list for PBXProject "XLINKDeviceExample" */ = {
			isa = XCConfigurationList;
			buildConfigurations = (
				652BCBE12D9BCDBC00C1654F /* Debug */,
				652BCBE22D9BCDBC00C1654F /* Release */,
			);
			defaultConfigurationIsVisible = 0;
			defaultConfigurationName = Release;
		};
		652BCBDE2D9BCDBC00C1654F /* Build configuration list for PBXNativeTarget "XLINKDeviceExample" */ = {
			isa = XCConfigurationList;
			buildConfigurations = (
				652BCBDF2D9BCDBC00C1654F /* Debug */,
				652BCBE02D9BCDBC00C1654F /* Release */,
			);
			defaultConfigurationIsVisible = 0;
			defaultConfigurationName = Release;
		};
		652BCBE32D9BCDBC00C1654F /* Build configuration list for PBXNativeTarget "XLINKDeviceExampleTests" */ = {
			isa = XCConfigurationList;
			buildConfigurations = (
				652BCBE42D9BCDBC00C1654F /* Debug */,
				652BCBE52D9BCDBC00C1654F /* Release */,
			);
			defaultConfigurationIsVisible = 0;
			defaultConfigurationName = Release;
		};
		652BCBE62D9BCDBC00C1654F /* Build configuration list for PBXNativeTarget "XLINKDeviceExampleUITests" */ = {
			isa = XCConfigurationList;
			buildConfigurations = (
				652BCBE72D9BCDBC00C1654F /* Debug */,
				652BCBE82D9BCDBC00C1654F /* Release */,
			);
			defaultConfigurationIsVisible = 0;
			defaultConfigurationName = Release;
		};
/* End XCConfigurationList section */

/* Begin XCLocalSwiftPackageReference section */
		650A9CD32DB0AF6E00E590C9 /* XCLocalSwiftPackageReference "../XLINKDeviceExample" */ = {
			isa = XCLocalSwiftPackageReference;
			relativePath = ../XLINKDeviceExample;
		};
/* End XCLocalSwiftPackageReference section */

/* Begin XCSwiftPackageProductDependency section */
		650A9CD42DB0AF6E00E590C9 /* XLINKDevice */ = {
			isa = XCSwiftPackageProductDependency;
			productName = XLINKDevice;
		};
		658CE0F12DAF926100E8C309 /* XLINKDevice */ = {
			isa = XCSwiftPackageProductDependency;
			productName = XLINKDevice;
		};
/* End XCSwiftPackageProductDependency section */
	};
	rootObject = 652BCBAD2D9BCDBB00C1654F /* Project object */;
}
